{
  "requires": true,
  "lockfileVersion": 1,
  "dependencies": {
    "vue": {
      "version": "2.6.10",
      "resolved": "https://registry.npmjs.org/vue/-/vue-2.6.10.tgz",
      "integrity": "sha512-ImThpeNU9HbdZL3utgMCq0oiMzAkt1mcgy3/E6zWC/G6AaQoeuFdsl9nDhTDU3X1R6FK7nsIUuRACVcjI+A2GQ=="
    },
    "vue-slide-bar": {
      "version": "1.2.0",
      "resolved": "https://registry.npmjs.org/vue-slide-bar/-/vue-slide-bar-1.2.0.tgz",
      "integrity": "sha512-SewM0C1lt7s0vrp9N1u3dA0yVNEj2kTs+m2bHhe+Mc/NYmjqcU3IcbKlVrrbWOkAjrLFYQ3OmsvVEl60Xzb8+w==",
      "requires": {
        "vue": "^2.5.22"
      }
    }
  }
}
